
Microsoft Visual Studio Solution File, Format Version 12.00
# Visual Studio 2012
Project("{FAE04EC0-301F-11D3-BF4B-00C04F79EFBC}") = "TellMe.iOS", "TellMe.iOS\TellMe.iOS.csproj", "{5423CE61-26EC-41B9-B498-2141F2633CBF}"
EndProject
Project("{FAE04EC0-301F-11D3-BF4B-00C04F79EFBC}") = "TellMe.Core", "TellMe.Core\TellMe.Core.csproj", "{0B485FFF-E498-4A1A-84D1-D29FD20B34C9}"
EndProject
Global
	GlobalSection(SolutionConfigurationPlatforms) = preSolution
		Debug|iPhoneSimulator = Debug|iPhoneSimulator
		Release|iPhone = Release|iPhone
		Release|iPhoneSimulator = Release|iPhoneSimulator
		Debug|iPhone = Debug|iPhone
	EndGlobalSection
	GlobalSection(ProjectConfigurationPlatforms) = postSolution
		{5423CE61-26EC-41B9-B498-2141F2633CBF}.Debug|iPhoneSimulator.ActiveCfg = Debug|iPhoneSimulator
		{5423CE61-26EC-41B9-B498-2141F2633CBF}.Debug|iPhoneSimulator.Build.0 = Debug|iPhoneSimulator
		{5423CE61-26EC-41B9-B498-2141F2633CBF}.Release|iPhone.ActiveCfg = Release|iPhone
		{5423CE61-26EC-41B9-B498-2141F2633CBF}.Release|iPhone.Build.0 = Release|iPhone
		{5423CE61-26EC-41B9-B498-2141F2633CBF}.Release|iPhoneSimulator.ActiveCfg = Release|iPhoneSimulator
		{5423CE61-26EC-41B9-B498-2141F2633CBF}.Release|iPhoneSimulator.Build.0 = Release|iPhoneSimulator
		{5423CE61-26EC-41B9-B498-2141F2633CBF}.Debug|iPhone.ActiveCfg = Debug|iPhone
		{5423CE61-26EC-41B9-B498-2141F2633CBF}.Debug|iPhone.Build.0 = Debug|iPhone
		{0B485FFF-E498-4A1A-84D1-D29FD20B34C9}.Debug|iPhoneSimulator.ActiveCfg = Debug|Any CPU
		{0B485FFF-E498-4A1A-84D1-D29FD20B34C9}.Debug|iPhoneSimulator.Build.0 = Debug|Any CPU
		{0B485FFF-E498-4A1A-84D1-D29FD20B34C9}.Release|iPhone.ActiveCfg = Release|Any CPU
		{0B485FFF-E498-4A1A-84D1-D29FD20B34C9}.Release|iPhone.Build.0 = Release|Any CPU
		{0B485FFF-E498-4A1A-84D1-D29FD20B34C9}.Release|iPhoneSimulator.ActiveCfg = Release|Any CPU
		{0B485FFF-E498-4A1A-84D1-D29FD20B34C9}.Release|iPhoneSimulator.Build.0 = Release|Any CPU
		{0B485FFF-E498-4A1A-84D1-D29FD20B34C9}.Debug|iPhone.ActiveCfg = Debug|Any CPU
		{0B485FFF-E498-4A1A-84D1-D29FD20B34C9}.Debug|iPhone.Build.0 = Debug|Any CPU
	EndGlobalSection
EndGlobal
